
Microsoft Visual Studio Solution File, Format Version 12.00
# Visual Studio 15
VisualStudioVersion = 15.0.28307.421
MinimumVisualStudioVersion = 10.0.40219.1
Project("{FAE04EC0-301F-11D3-BF4B-00C04F79EFBC}") = "SMS-Gateway", "SMS-Gateway\SMS-Gateway.csproj", "{734EC039-8AC8-4A18-85EC-606297C4109D}"
EndProject
Global
	GlobalSection(SolutionConfigurationPlatforms) = preSolution
		Debug|Any CPU = Debug|Any CPU
		Release|Any CPU = Release|Any CPU
	EndGlobalSection
	GlobalSection(ProjectConfigurationPlatforms) = postSolution
		{734EC039-8AC8-4A18-85EC-606297C4109D}.Debug|Any CPU.ActiveCfg = Debug|Any CPU
		{734EC039-8AC8-4A18-85EC-606297C4109D}.Debug|Any CPU.Build.0 = Debug|Any CPU
		{734EC039-8AC8-4A18-85EC-606297C4109D}.Debug|Any CPU.Deploy.0 = Debug|Any CPU
		{734EC039-8AC8-4A18-85EC-606297C4109D}.Release|Any CPU.ActiveCfg = Release|Any CPU
		{734EC039-8AC8-4A18-85EC-606297C4109D}.Release|Any CPU.Build.0 = Release|Any CPU
		{734EC039-8AC8-4A18-85EC-606297C4109D}.Release|Any CPU.Deploy.0 = Release|Any CPU
	EndGlobalSection
	GlobalSection(SolutionProperties) = preSolution
		HideSolutionNode = FALSE
	EndGlobalSection
	GlobalSection(ExtensibilityGlobals) = postSolution
		SolutionGuid = {EF70E230-6381-445A-B423-80D70BDB8AFE}
	EndGlobalSection
EndGlobal
